apiVersion: vendir.k14s.io/v1alpha1
directories:
- contents:
  - git:
      commitTitle: Prepare for release v1.18.0...
      sha: 274205f001bb24b89d19f0fe7c3fb3aca20030c2
      tags:
      - v1.18.0
    path: cilium
  - helmChart:
      appVersion: 1.18.0
      version: 1.18.0
    path: cilium-chart
  path: vendor
- contents:
  - directory: {}
    path: .
  path: helm
kind: LockConfig
