apiVersion: vendir.k14s.io/v1alpha1
directories:
- contents:
  - git:
      commitTitle: Prepare for release v1.18.8...
      sha: 7d6f03efca0e1df5fcc8face71e35b40ab7a75a0
      tags:
      - 1.18.8
    path: cilium
  - helmChart:
      appVersion: 1.18.8
      version: 1.18.8
    path: cilium-chart
  path: vendor
- contents:
  - directory: {}
    path: .
  path: helm
kind: LockConfig
