apiVersion: vendir.k14s.io/v1alpha1
directories:
- contents:
  - git:
      commitTitle: Prepare for release v1.17.2...
      sha: fb3ab54ffe3f1b5059e87a9022fd6559b276b7ce
      tags:
      - v1.17.2
    path: cilium
  - helmChart:
      appVersion: 1.17.2
      version: 1.17.2
    path: cilium-chart
  path: vendor
- contents:
  - directory: {}
    path: .
  path: helm
kind: LockConfig
